// !$*UTF8*$!
{
	archiveVersion = 1;
	classes = {
	};
	objectVersion = 55;
	objects = {

/* Begin PBXBuildFile section */
		7E9B396F27FF1E9B00E9FE18 /* ContactTableViewController.swift in Sources */ = {isa = PBXBuildFile; fileRef = 7E9B396E27FF1E9B00E9FE18 /* ContactTableViewController.swift */; };
		8412FB9527FEE0AD00B0095E /* ProfileController.swift in Sources */ = {isa = PBXBuildFile; fileRef = 8412FB9427FEE0AD00B0095E /* ProfileController.swift */; };
		8412FB9727FEF70F00B0095E /* MapScreen.swift in Sources */ = {isa = PBXBuildFile; fileRef = 8412FB9627FEF70F00B0095E /* MapScreen.swift */; };
		8412FB9927FF10A900B0095E /* CallModalController.swift in Sources */ = {isa = PBXBuildFile; fileRef = 8412FB9827FF10A900B0095E /* CallModalController.swift */; };
		8481ECDE27FC82D5000E7565 /* AppDelegate.swift in Sources */ = {isa = PBXBuildFile; fileRef = 8481ECDD27FC82D5000E7565 /* AppDelegate.swift */; };
		8481ECE027FC82D5000E7565 /* SceneDelegate.swift in Sources */ = {isa = PBXBuildFile; fileRef = 8481ECDF27FC82D5000E7565 /* SceneDelegate.swift */; };
		8481ECE227FC82D5000E7565 /* ViewController.swift in Sources */ = {isa = PBXBuildFile; fileRef = 8481ECE127FC82D5000E7565 /* ViewController.swift */; };
		8481ECE527FC82D5000E7565 /* Main.storyboard in Resources */ = {isa = PBXBuildFile; fileRef = 8481ECE327FC82D5000E7565 /* Main.storyboard */; };
		8481ECE727FC82D6000E7565 /* Assets.xcassets in Resources */ = {isa = PBXBuildFile; fileRef = 8481ECE627FC82D6000E7565 /* Assets.xcassets */; };
		8481ECEA27FC82D6000E7565 /* LaunchScreen.storyboard in Resources */ = {isa = PBXBuildFile; fileRef = 8481ECE827FC82D6000E7565 /* LaunchScreen.storyboard */; };
		8481ECF527FC82D7000E7565 /* SiOSTests.swift in Sources */ = {isa = PBXBuildFile; fileRef = 8481ECF427FC82D7000E7565 /* SiOSTests.swift */; };
		8481ECFF27FC82D7000E7565 /* SiOSUITests.swift in Sources */ = {isa = PBXBuildFile; fileRef = 8481ECFE27FC82D7000E7565 /* SiOSUITests.swift */; };
		8481ED0127FC82D7000E7565 /* SiOSUITestsLaunchTests.swift in Sources */ = {isa = PBXBuildFile; fileRef = 8481ED0027FC82D7000E7565 /* SiOSUITestsLaunchTests.swift */; };
		8481ED1627FDB4BA000E7565 /* HealthViewController.swift in Sources */ = {isa = PBXBuildFile; fileRef = 8481ED1527FDB4BA000E7565 /* HealthViewController.swift */; };
		8481ED1827FDB51C000E7565 /* HomeViewController.swift in Sources */ = {isa = PBXBuildFile; fileRef = 8481ED1727FDB51C000E7565 /* HomeViewController.swift */; };
		8481ED1A27FDB540000E7565 /* CallViewController.swift in Sources */ = {isa = PBXBuildFile; fileRef = 8481ED1927FDB540000E7565 /* CallViewController.swift */; };
		ABD13CCD27FDD2E300625876 /* Compressions_thoraciques.mp4 in Resources */ = {isa = PBXBuildFile; fileRef = ABD13CC727FDD2DF00625876 /* Compressions_thoraciques.mp4 */; };
		ABD13CCE27FDD2E300625876 /* Arret_cardiaque.mp4 in Resources */ = {isa = PBXBuildFile; fileRef = ABD13CC827FDD2E000625876 /* Arret_cardiaque.mp4 */; };
		ABD13CCF27FDD2E300625876 /* Perte_de_connaissance.mp4 in Resources */ = {isa = PBXBuildFile; fileRef = ABD13CC927FDD2E100625876 /* Perte_de_connaissance.mp4 */; };
		ABD13CD027FDD2E300625876 /* PLS.mp4 in Resources */ = {isa = PBXBuildFile; fileRef = ABD13CCA27FDD2E200625876 /* PLS.mp4 */; };
		ABD13CD127FDD2E300625876 /* RCP_enfant.mp4 in Resources */ = {isa = PBXBuildFile; fileRef = ABD13CCB27FDD2E200625876 /* RCP_enfant.mp4 */; };
		ABD13CD227FDD2E300625876 /* RCP_nourrisson.mp4 in Resources */ = {isa = PBXBuildFile; fileRef = ABD13CCC27FDD2E300625876 /* RCP_nourrisson.mp4 */; };
		ABD13CD427FDD37F00625876 /* RCP.mp4 in Resources */ = {isa = PBXBuildFile; fileRef = ABD13CD327FDD37F00625876 /* RCP.mp4 */; };
/* End PBXBuildFile section */

/* Begin PBXContainerItemProxy section */
		8481ECF127FC82D7000E7565 /* PBXContainerItemProxy */ = {
			isa = PBXContainerItemProxy;
			containerPortal = 8481ECD227FC82D4000E7565 /* Project object */;
			proxyType = 1;
			remoteGlobalIDString = 8481ECD927FC82D5000E7565;
			remoteInfo = SiOS;
		};
		8481ECFB27FC82D7000E7565 /* PBXContainerItemProxy */ = {
			isa = PBXContainerItemProxy;
			containerPortal = 8481ECD227FC82D4000E7565 /* Project object */;
			proxyType = 1;
			remoteGlobalIDString = 8481ECD927FC82D5000E7565;
			remoteInfo = SiOS;
		};
/* End PBXContainerItemProxy section */

/* Begin PBXFileReference section */
		7E9B396E27FF1E9B00E9FE18 /* ContactTableViewController.swift */ = {isa = PBXFileReference; lastKnownFileType = sourcecode.swift; path = ContactTableViewController.swift; sourceTree = "<group>"; };
		8412FB9427FEE0AD00B0095E /* ProfileController.swift */ = {isa = PBXFileReference; lastKnownFileType = sourcecode.swift; path = ProfileController.swift; sourceTree = "<group>"; };
		8412FB9627FEF70F00B0095E /* MapScreen.swift */ = {isa = PBXFileReference; lastKnownFileType = sourcecode.swift; path = MapScreen.swift; sourceTree = "<group>"; };
		8412FB9827FF10A900B0095E /* CallModalController.swift */ = {isa = PBXFileReference; lastKnownFileType = sourcecode.swift; path = CallModalController.swift; sourceTree = "<group>"; };
		8481ECDA27FC82D5000E7565 /* SiOS.app */ = {isa = PBXFileReference; explicitFileType = wrapper.application; includeInIndex = 0; path = SiOS.app; sourceTree = BUILT_PRODUCTS_DIR; };
		8481ECDD27FC82D5000E7565 /* AppDelegate.swift */ = {isa = PBXFileReference; lastKnownFileType = sourcecode.swift; path = AppDelegate.swift; sourceTree = "<group>"; };
		8481ECDF27FC82D5000E7565 /* SceneDelegate.swift */ = {isa = PBXFileReference; lastKnownFileType = sourcecode.swift; path = SceneDelegate.swift; sourceTree = "<group>"; };
		8481ECE127FC82D5000E7565 /* ViewController.swift */ = {isa = PBXFileReference; lastKnownFileType = sourcecode.swift; path = ViewController.swift; sourceTree = "<group>"; };
		8481ECE427FC82D5000E7565 /* Base */ = {isa = PBXFileReference; lastKnownFileType = file.storyboard; name = Base; path = Base.lproj/Main.storyboard; sourceTree = "<group>"; };
		8481ECE627FC82D6000E7565 /* Assets.xcassets */ = {isa = PBXFileReference; lastKnownFileType = folder.assetcatalog; path = Assets.xcassets; sourceTree = "<group>"; };
		8481ECE927FC82D6000E7565 /* Base */ = {isa = PBXFileReference; lastKnownFileType = file.storyboard; name = Base; path = Base.lproj/LaunchScreen.storyboard; sourceTree = "<group>"; };
		8481ECEB27FC82D6000E7565 /* Info.plist */ = {isa = PBXFileReference; lastKnownFileType = text.plist.xml; path = Info.plist; sourceTree = "<group>"; };
		8481ECF027FC82D7000E7565 /* SiOSTests.xctest */ = {isa = PBXFileReference; explicitFileType = wrapper.cfbundle; includeInIndex = 0; path = SiOSTests.xctest; sourceTree = BUILT_PRODUCTS_DIR; };
		8481ECF427FC82D7000E7565 /* SiOSTests.swift */ = {isa = PBXFileReference; lastKnownFileType = sourcecode.swift; path = SiOSTests.swift; sourceTree = "<group>"; };
		8481ECFA27FC82D7000E7565 /* SiOSUITests.xctest */ = {isa = PBXFileReference; explicitFileType = wrapper.cfbundle; includeInIndex = 0; path = SiOSUITests.xctest; sourceTree = BUILT_PRODUCTS_DIR; };
		8481ECFE27FC82D7000E7565 /* SiOSUITests.swift */ = {isa = PBXFileReference; lastKnownFileType = sourcecode.swift; path = SiOSUITests.swift; sourceTree = "<group>"; };
		8481ED0027FC82D7000E7565 /* SiOSUITestsLaunchTests.swift */ = {isa = PBXFileReference; lastKnownFileType = sourcecode.swift; path = SiOSUITestsLaunchTests.swift; sourceTree = "<group>"; };
		8481ED1527FDB4BA000E7565 /* HealthViewController.swift */ = {isa = PBXFileReference; lastKnownFileType = sourcecode.swift; path = HealthViewController.swift; sourceTree = "<group>"; };
		8481ED1727FDB51C000E7565 /* HomeViewController.swift */ = {isa = PBXFileReference; lastKnownFileType = sourcecode.swift; path = HomeViewController.swift; sourceTree = "<group>"; };
		8481ED1927FDB540000E7565 /* CallViewController.swift */ = {isa = PBXFileReference; lastKnownFileType = sourcecode.swift; path = CallViewController.swift; sourceTree = "<group>"; };
		ABD13CC727FDD2DF00625876 /* Compressions_thoraciques.mp4 */ = {isa = PBXFileReference; lastKnownFileType = file; path = Compressions_thoraciques.mp4; sourceTree = "<group>"; };
		ABD13CC827FDD2E000625876 /* Arret_cardiaque.mp4 */ = {isa = PBXFileReference; lastKnownFileType = file; path = Arret_cardiaque.mp4; sourceTree = "<group>"; };
		ABD13CC927FDD2E100625876 /* Perte_de_connaissance.mp4 */ = {isa = PBXFileReference; lastKnownFileType = file; path = Perte_de_connaissance.mp4; sourceTree = "<group>"; };
		ABD13CCA27FDD2E200625876 /* PLS.mp4 */ = {isa = PBXFileReference; lastKnownFileType = file; path = PLS.mp4; sourceTree = "<group>"; };
		ABD13CCB27FDD2E200625876 /* RCP_enfant.mp4 */ = {isa = PBXFileReference; lastKnownFileType = file; path = RCP_enfant.mp4; sourceTree = "<group>"; };
		ABD13CCC27FDD2E300625876 /* RCP_nourrisson.mp4 */ = {isa = PBXFileReference; lastKnownFileType = file; path = RCP_nourrisson.mp4; sourceTree = "<group>"; };
		ABD13CD327FDD37F00625876 /* RCP.mp4 */ = {isa = PBXFileReference; lastKnownFileType = file; path = RCP.mp4; sourceTree = "<group>"; };
/* End PBXFileReference section */

/* Begin PBXFrameworksBuildPhase section */
		8481ECD727FC82D5000E7565 /* Frameworks */ = {
			isa = PBXFrameworksBuildPhase;
			buildActionMask = 2147483647;
			files = (
			);
			runOnlyForDeploymentPostprocessing = 0;
		};
		8481ECED27FC82D7000E7565 /* Frameworks */ = {
			isa = PBXFrameworksBuildPhase;
			buildActionMask = 2147483647;
			files = (
			);
			runOnlyForDeploymentPostprocessing = 0;
		};
		8481ECF727FC82D7000E7565 /* Frameworks */ = {
			isa = PBXFrameworksBuildPhase;
			buildActionMask = 2147483647;
			files = (
			);
			runOnlyForDeploymentPostprocessing = 0;
		};
/* End PBXFrameworksBuildPhase section */

/* Begin PBXGroup section */
		8481ECD127FC82D4000E7565 = {
			isa = PBXGroup;
			children = (
				8481ECDC27FC82D5000E7565 /* SiOS */,
				8481ECF327FC82D7000E7565 /* SiOSTests */,
				8481ECFD27FC82D7000E7565 /* SiOSUITests */,
				8481ECDB27FC82D5000E7565 /* Products */,
			);
			sourceTree = "<group>";
		};
		8481ECDB27FC82D5000E7565 /* Products */ = {
			isa = PBXGroup;
			children = (
				8481ECDA27FC82D5000E7565 /* SiOS.app */,
				8481ECF027FC82D7000E7565 /* SiOSTests.xctest */,
				8481ECFA27FC82D7000E7565 /* SiOSUITests.xctest */,
			);
			name = Products;
			sourceTree = "<group>";
		};
		8481ECDC27FC82D5000E7565 /* SiOS */ = {
			isa = PBXGroup;
			children = (
				ABD13CC827FDD2E000625876 /* Arret_cardiaque.mp4 */,
				ABD13CC727FDD2DF00625876 /* Compressions_thoraciques.mp4 */,
				ABD13CC927FDD2E100625876 /* Perte_de_connaissance.mp4 */,
				ABD13CCA27FDD2E200625876 /* PLS.mp4 */,
				ABD13CD327FDD37F00625876 /* RCP.mp4 */,
				ABD13CCB27FDD2E200625876 /* RCP_enfant.mp4 */,
				ABD13CCC27FDD2E300625876 /* RCP_nourrisson.mp4 */,
				8481ECDD27FC82D5000E7565 /* AppDelegate.swift */,
				8481ECDF27FC82D5000E7565 /* SceneDelegate.swift */,
				8481ECE127FC82D5000E7565 /* ViewController.swift */,
				8481ECE327FC82D5000E7565 /* Main.storyboard */,
				8481ECE627FC82D6000E7565 /* Assets.xcassets */,
				8481ECE827FC82D6000E7565 /* LaunchScreen.storyboard */,
				8481ECEB27FC82D6000E7565 /* Info.plist */,
				8481ED1527FDB4BA000E7565 /* HealthViewController.swift */,
				8481ED1727FDB51C000E7565 /* HomeViewController.swift */,
				8481ED1927FDB540000E7565 /* CallViewController.swift */,
				8412FB9427FEE0AD00B0095E /* ProfileController.swift */,
				8412FB9627FEF70F00B0095E /* MapScreen.swift */,
				8412FB9827FF10A900B0095E /* CallModalController.swift */,
				7E9B396E27FF1E9B00E9FE18 /* ContactTableViewController.swift */,
			);
			path = SiOS;
			sourceTree = "<group>";
		};
		8481ECF327FC82D7000E7565 /* SiOSTests */ = {
			isa = PBXGroup;
			children = (
				8481ECF427FC82D7000E7565 /* SiOSTests.swift */,
			);
			path = SiOSTests;
			sourceTree = "<group>";
		};
		8481ECFD27FC82D7000E7565 /* SiOSUITests */ = {
			isa = PBXGroup;
			children = (
				8481ECFE27FC82D7000E7565 /* SiOSUITests.swift */,
				8481ED0027FC82D7000E7565 /* SiOSUITestsLaunchTests.swift */,
			);
			path = SiOSUITests;
			sourceTree = "<group>";
		};
/* End PBXGroup section */

/* Begin PBXNativeTarget section */
		8481ECD927FC82D5000E7565 /* SiOS */ = {
			isa = PBXNativeTarget;
			buildConfigurationList = 8481ED0427FC82D7000E7565 /* Build configuration list for PBXNativeTarget "SiOS" */;
			buildPhases = (
				8481ECD627FC82D5000E7565 /* Sources */,
				8481ECD727FC82D5000E7565 /* Frameworks */,
				8481ECD827FC82D5000E7565 /* Resources */,
			);
			buildRules = (
			);
			dependencies = (
			);
			name = SiOS;
			productName = SiOS;
			productReference = 8481ECDA27FC82D5000E7565 /* SiOS.app */;
			productType = "com.apple.product-type.application";
		};
		8481ECEF27FC82D7000E7565 /* SiOSTests */ = {
			isa = PBXNativeTarget;
			buildConfigurationList = 8481ED0727FC82D7000E7565 /* Build configuration list for PBXNativeTarget "SiOSTests" */;
			buildPhases = (
				8481ECEC27FC82D7000E7565 /* Sources */,
				8481ECED27FC82D7000E7565 /* Frameworks */,
				8481ECEE27FC82D7000E7565 /* Resources */,
			);
			buildRules = (
			);
			dependencies = (
				8481ECF227FC82D7000E7565 /* PBXTargetDependency */,
			);
			name = SiOSTests;
			productName = SiOSTests;
			productReference = 8481ECF027FC82D7000E7565 /* SiOSTests.xctest */;
			productType = "com.apple.product-type.bundle.unit-test";
		};
		8481ECF927FC82D7000E7565 /* SiOSUITests */ = {
			isa = PBXNativeTarget;
			buildConfigurationList = 8481ED0A27FC82D7000E7565 /* Build configuration list for PBXNativeTarget "SiOSUITests" */;
			buildPhases = (
				8481ECF627FC82D7000E7565 /* Sources */,
				8481ECF727FC82D7000E7565 /* Frameworks */,
				8481ECF827FC82D7000E7565 /* Resources */,
			);
			buildRules = (
			);
			dependencies = (
				8481ECFC27FC82D7000E7565 /* PBXTargetDependency */,
			);
			name = SiOSUITests;
			productName = SiOSUITests;
			productReference = 8481ECFA27FC82D7000E7565 /* SiOSUITests.xctest */;
			productType = "com.apple.product-type.bundle.ui-testing";
		};
/* End PBXNativeTarget section */

/* Begin PBXProject section */
		8481ECD227FC82D4000E7565 /* Project object */ = {
			isa = PBXProject;
			attributes = {
				BuildIndependentTargetsInParallel = 1;
				LastSwiftUpdateCheck = 1330;
				LastUpgradeCheck = 1330;
				TargetAttributes = {
					8481ECD927FC82D5000E7565 = {
						CreatedOnToolsVersion = 13.3;
					};
					8481ECEF27FC82D7000E7565 = {
						CreatedOnToolsVersion = 13.3;
						TestTargetID = 8481ECD927FC82D5000E7565;
					};
					8481ECF927FC82D7000E7565 = {
						CreatedOnToolsVersion = 13.3;
						TestTargetID = 8481ECD927FC82D5000E7565;
					};
				};
			};
			buildConfigurationList = 8481ECD527FC82D4000E7565 /* Build configuration list for PBXProject "SiOS" */;
			compatibilityVersion = "Xcode 13.0";
			developmentRegion = en;
			hasScannedForEncodings = 0;
			knownRegions = (
				en,
				Base,
			);
			mainGroup = 8481ECD127FC82D4000E7565;
			productRefGroup = 8481ECDB27FC82D5000E7565 /* Products */;
			projectDirPath = "";
			projectRoot = "";
			targets = (
				8481ECD927FC82D5000E7565 /* SiOS */,
				8481ECEF27FC82D7000E7565 /* SiOSTests */,
				8481ECF927FC82D7000E7565 /* SiOSUITests */,
			);
		};
/* End PBXProject section */

/* Begin PBXResourcesBuildPhase section */
		8481ECD827FC82D5000E7565 /* Resources */ = {
			isa = PBXResourcesBuildPhase;
			buildActionMask = 2147483647;
			files = (
				ABD13CD227FDD2E300625876 /* RCP_nourrisson.mp4 in Resources */,
				8481ECEA27FC82D6000E7565 /* LaunchScreen.storyboard in Resources */,
				8481ECE727FC82D6000E7565 /* Assets.xcassets in Resources */,
				ABD13CD427FDD37F00625876 /* RCP.mp4 in Resources */,
				ABD13CCF27FDD2E300625876 /* Perte_de_connaissance.mp4 in Resources */,
				ABD13CCE27FDD2E300625876 /* Arret_cardiaque.mp4 in Resources */,
				ABD13CD027FDD2E300625876 /* PLS.mp4 in Resources */,
				ABD13CD127FDD2E300625876 /* RCP_enfant.mp4 in Resources */,
				8481ECE527FC82D5000E7565 /* Main.storyboard in Resources */,
				ABD13CCD27FDD2E300625876 /* Compressions_thoraciques.mp4 in Resources */,
			);
			runOnlyForDeploymentPostprocessing = 0;
		};
		8481ECEE27FC82D7000E7565 /* Resources */ = {
			isa = PBXResourcesBuildPhase;
			buildActionMask = 2147483647;
			files = (
			);
			runOnlyForDeploymentPostprocessing = 0;
		};
		8481ECF827FC82D7000E7565 /* Resources */ = {
			isa = PBXResourcesBuildPhase;
			buildActionMask = 2147483647;
			files = (
			);
			runOnlyForDeploymentPostprocessing = 0;
		};
/* End PBXResourcesBuildPhase section */

/* Begin PBXSourcesBuildPhase section */
		8481ECD627FC82D5000E7565 /* Sources */ = {
			isa = PBXSourcesBuildPhase;
			buildActionMask = 2147483647;
			files = (
				8412FB9727FEF70F00B0095E /* MapScreen.swift in Sources */,
				8412FB9927FF10A900B0095E /* CallModalController.swift in Sources */,
				7E9B396F27FF1E9B00E9FE18 /* ContactTableViewController.swift in Sources */,
				8481ECE227FC82D5000E7565 /* ViewController.swift in Sources */,
				8481ECDE27FC82D5000E7565 /* AppDelegate.swift in Sources */,
				8481ED1627FDB4BA000E7565 /* HealthViewController.swift in Sources */,
				8481ED1827FDB51C000E7565 /* HomeViewController.swift in Sources */,
				8481ED1A27FDB540000E7565 /* CallViewController.swift in Sources */,
				8481ECE027FC82D5000E7565 /* SceneDelegate.swift in Sources */,
				8412FB9527FEE0AD00B0095E /* ProfileController.swift in Sources */,
			);
			runOnlyForDeploymentPostprocessing = 0;
		};
		8481ECEC27FC82D7000E7565 /* Sources */ = {
			isa = PBXSourcesBuildPhase;
			buildActionMask = 2147483647;
			files = (
				8481ECF527FC82D7000E7565 /* SiOSTests.swift in Sources */,
			);
			runOnlyForDeploymentPostprocessing = 0;
		};
		8481ECF627FC82D7000E7565 /* Sources */ = {
			isa = PBXSourcesBuildPhase;
			buildActionMask = 2147483647;
			files = (
				8481ED0127FC82D7000E7565 /* SiOSUITestsLaunchTests.swift in Sources */,
				8481ECFF27FC82D7000E7565 /* SiOSUITests.swift in Sources */,
			);
			runOnlyForDeploymentPostprocessing = 0;
		};
/* End PBXSourcesBuildPhase section */

/* Begin PBXTargetDependency section */
		8481ECF227FC82D7000E7565 /* PBXTargetDependency */ = {
			isa = PBXTargetDependency;
			target = 8481ECD927FC82D5000E7565 /* SiOS */;
			targetProxy = 8481ECF127FC82D7000E7565 /* PBXContainerItemProxy */;
		};
		8481ECFC27FC82D7000E7565 /* PBXTargetDependency */ = {
			isa = PBXTargetDependency;
			target = 8481ECD927FC82D5000E7565 /* SiOS */;
			targetProxy = 8481ECFB27FC82D7000E7565 /* PBXContainerItemProxy */;
		};
/* End PBXTargetDependency section */

/* Begin PBXVariantGroup section */
		8481ECE327FC82D5000E7565 /* Main.storyboard */ = {
			isa = PBXVariantGroup;
			children = (
				8481ECE427FC82D5000E7565 /* Base */,
			);
			name = Main.storyboard;
			sourceTree = "<group>";
		};
		8481ECE827FC82D6000E7565 /* LaunchScreen.storyboard */ = {
			isa = PBXVariantGroup;
			children = (
				8481ECE927FC82D6000E7565 /* Base */,
			);
			name = LaunchScreen.storyboard;
			sourceTree = "<group>";
		};
/* End PBXVariantGroup section */

/* Begin XCBuildConfiguration section */
		8481ED0227FC82D7000E7565 /* Debug */ = {
			isa = XCBuildConfiguration;
			buildSettings = {
				ALWAYS_SEARCH_USER_PATHS = NO;
				CLANG_ANALYZER_NONNULL = YES;
				CLANG_ANALYZER_NUMBER_OBJECT_CONVERSION = YES_AGGRESSIVE;
				CLANG_CXX_LANGUAGE_STANDARD = "gnu++17";
				CLANG_ENABLE_MODULES = YES;
				CLANG_ENABLE_OBJC_ARC = YES;
				CLANG_ENABLE_OBJC_WEAK = YES;
				CLANG_WARN_BLOCK_CAPTURE_AUTORELEASING = YES;
				CLANG_WARN_BOOL_CONVERSION = YES;
				CLANG_WARN_COMMA = YES;
				CLANG_WARN_CONSTANT_CONVERSION = YES;
				CLANG_WARN_DEPRECATED_OBJC_IMPLEMENTATIONS = YES;
				CLANG_WARN_DIRECT_OBJC_ISA_USAGE = YES_ERROR;
				CLANG_WARN_DOCUMENTATION_COMMENTS = YES;
				CLANG_WARN_EMPTY_BODY = YES;
				CLANG_WARN_ENUM_CONVERSION = YES;
				CLANG_WARN_INFINITE_RECURSION = YES;
				CLANG_WARN_INT_CONVERSION = YES;
				CLANG_WARN_NON_LITERAL_NULL_CONVERSION = YES;
				CLANG_WARN_OBJC_IMPLICIT_RETAIN_SELF = YES;
				CLANG_WARN_OBJC_LITERAL_CONVERSION = YES;
				CLANG_WARN_OBJC_ROOT_CLASS = YES_ERROR;
				CLANG_WARN_QUOTED_INCLUDE_IN_FRAMEWORK_HEADER = YES;
				CLANG_WARN_RANGE_LOOP_ANALYSIS = YES;
				CLANG_WARN_STRICT_PROTOTYPES = YES;
				CLANG_WARN_SUSPICIOUS_MOVE = YES;
				CLANG_WARN_UNGUARDED_AVAILABILITY = YES_AGGRESSIVE;
				CLANG_WARN_UNREACHABLE_CODE = YES;
				CLANG_WARN__DUPLICATE_METHOD_MATCH = YES;
				COPY_PHASE_STRIP = NO;
				DEBUG_INFORMATION_FORMAT = dwarf;
				ENABLE_STRICT_OBJC_MSGSEND = YES;
				ENABLE_TESTABILITY = YES;
				GCC_C_LANGUAGE_STANDARD = gnu11;
				GCC_DYNAMIC_NO_PIC = NO;
				GCC_NO_COMMON_BLOCKS = YES;
				GCC_OPTIMIZATION_LEVEL = 0;
				GCC_PREPROCESSOR_DEFINITIONS = (
					"DEBUG=1",
					"$(inherited)",
				);
				GCC_WARN_64_TO_32_BIT_CONVERSION = YES;
				GCC_WARN_ABOUT_RETURN_TYPE = YES_ERROR;
				GCC_WARN_UNDECLARED_SELECTOR = YES;
				GCC_WARN_UNINITIALIZED_AUTOS = YES_AGGRESSIVE;
				GCC_WARN_UNUSED_FUNCTION = YES;
				GCC_WARN_UNUSED_VARIABLE = YES;
				IPHONEOS_DEPLOYMENT_TARGET = 15.4;
				MTL_ENABLE_DEBUG_INFO = INCLUDE_SOURCE;
				MTL_FAST_MATH = YES;
				ONLY_ACTIVE_ARCH = YES;
				SDKROOT = iphoneos;
				SWIFT_ACTIVE_COMPILATION_CONDITIONS = DEBUG;
				SWIFT_OPTIMIZATION_LEVEL = "-Onone";
			};
			name = Debug;
		};
		8481ED0327FC82D7000E7565 /* Release */ = {
			isa = XCBuildConfiguration;
			buildSettings = {
				ALWAYS_SEARCH_USER_PATHS = NO;
				CLANG_ANALYZER_NONNULL = YES;
				CLANG_ANALYZER_NUMBER_OBJECT_CONVERSION = YES_AGGRESSIVE;
				CLANG_CXX_LANGUAGE_STANDARD = "gnu++17";
				CLANG_ENABLE_MODULES = YES;
				CLANG_ENABLE_OBJC_ARC = YES;
				CLANG_ENABLE_OBJC_WEAK = YES;
				CLANG_WARN_BLOCK_CAPTURE_AUTORELEASING = YES;
				CLANG_WARN_BOOL_CONVERSION = YES;
				CLANG_WARN_COMMA = YES;
				CLANG_WARN_CONSTANT_CONVERSION = YES;
				CLANG_WARN_DEPRECATED_OBJC_IMPLEMENTATIONS = YES;
				CLANG_WARN_DIRECT_OBJC_ISA_USAGE = YES_ERROR;
				CLANG_WARN_DOCUMENTATION_COMMENTS = YES;
				CLANG_WARN_EMPTY_BODY = YES;
				CLANG_WARN_ENUM_CONVERSION = YES;
				CLANG_WARN_INFINITE_RECURSION = YES;
				CLANG_WARN_INT_CONVERSION = YES;
				CLANG_WARN_NON_LITERAL_NULL_CONVERSION = YES;
				CLANG_WARN_OBJC_IMPLICIT_RETAIN_SELF = YES;
				CLANG_WARN_OBJC_LITERAL_CONVERSION = YES;
				CLANG_WARN_OBJC_ROOT_CLASS = YES_ERROR;
				CLANG_WARN_QUOTED_INCLUDE_IN_FRAMEWORK_HEADER = YES;
				CLANG_WARN_RANGE_LOOP_ANALYSIS = YES;
				CLANG_WARN_STRICT_PROTOTYPES = YES;
				CLANG_WARN_SUSPICIOUS_MOVE = YES;
				CLANG_WARN_UNGUARDED_AVAILABILITY = YES_AGGRESSIVE;
				CLANG_WARN_UNREACHABLE_CODE = YES;
				CLANG_WARN__DUPLICATE_METHOD_MATCH = YES;
				COPY_PHASE_STRIP = NO;
				DEBUG_INFORMATION_FORMAT = "dwarf-with-dsym";
				ENABLE_NS_ASSERTIONS = NO;
				ENABLE_STRICT_OBJC_MSGSEND = YES;
				GCC_C_LANGUAGE_STANDARD = gnu11;
				GCC_NO_COMMON_BLOCKS = YES;
				GCC_WARN_64_TO_32_BIT_CONVERSION = YES;
				GCC_WARN_ABOUT_RETURN_TYPE = YES_ERROR;
				GCC_WARN_UNDECLARED_SELECTOR = YES;
				GCC_WARN_UNINITIALIZED_AUTOS = YES_AGGRESSIVE;
				GCC_WARN_UNUSED_FUNCTION = YES;
				GCC_WARN_UNUSED_VARIABLE = YES;
				IPHONEOS_DEPLOYMENT_TARGET = 15.4;
				MTL_ENABLE_DEBUG_INFO = NO;
				MTL_FAST_MATH = YES;
				SDKROOT = iphoneos;
				SWIFT_COMPILATION_MODE = wholemodule;
				SWIFT_OPTIMIZATION_LEVEL = "-O";
				VALIDATE_PRODUCT = YES;
			};
			name = Release;
		};
		8481ED0527FC82D7000E7565 /* Debug */ = {
			isa = XCBuildConfiguration;
			buildSettings = {
				ASSETCATALOG_COMPILER_APPICON_NAME = AppIcon;
				ASSETCATALOG_COMPILER_GLOBAL_ACCENT_COLOR_NAME = AccentColor;
				CODE_SIGN_STYLE = Automatic;
				CURRENT_PROJECT_VERSION = 1;
				DEVELOPMENT_TEAM = 492M668FAZ;
				GENERATE_INFOPLIST_FILE = YES;
				INFOPLIST_FILE = SiOS/Info.plist;
				INFOPLIST_KEY_UIApplicationSupportsIndirectInputEvents = YES;
				INFOPLIST_KEY_UILaunchStoryboardName = LaunchScreen;
				INFOPLIST_KEY_UIMainStoryboardFile = Main;
				INFOPLIST_KEY_UISupportedInterfaceOrientations_iPad = "UIInterfaceOrientationPortrait UIInterfaceOrientationPortraitUpsideDown UIInterfaceOrientationLandscapeLeft UIInterfaceOrientationLandscapeRight";
				INFOPLIST_KEY_UISupportedInterfaceOrientations_iPhone = "UIInterfaceOrientationPortrait UIInterfaceOrientationLandscapeLeft UIInterfaceOrientationLandscapeRight";
				LD_RUNPATH_SEARCH_PATHS = (
					"$(inherited)",
					"@executable_path/Frameworks",
				);
				MARKETING_VERSION = 1.0;
				PRODUCT_BUNDLE_IDENTIFIER = test.SiOS;
				PRODUCT_NAME = "$(TARGET_NAME)";
				SWIFT_EMIT_LOC_STRINGS = YES;
				SWIFT_VERSION = 5.0;
				TARGETED_DEVICE_FAMILY = "1,2";
			};
			name = Debug;
		};
		8481ED0627FC82D7000E7565 /* Release */ = {
			isa = XCBuildConfiguration;
			buildSettings = {
				ASSETCATALOG_COMPILER_APPICON_NAME = AppIcon;
				ASSETCATALOG_COMPILER_GLOBAL_ACCENT_COLOR_NAME = AccentColor;
				CODE_SIGN_STYLE = Automatic;
				CURRENT_PROJECT_VERSION = 1;
				DEVELOPMENT_TEAM = 492M668FAZ;
				GENERATE_INFOPLIST_FILE = YES;
				INFOPLIST_FILE = SiOS/Info.plist;
				INFOPLIST_KEY_UIApplicationSupportsIndirectInputEvents = YES;
				INFOPLIST_KEY_UILaunchStoryboardName = LaunchScreen;
				INFOPLIST_KEY_UIMainStoryboardFile = Main;
				INFOPLIST_KEY_UISupportedInterfaceOrientations_iPad = "UIInterfaceOrientationPortrait UIInterfaceOrientationPortraitUpsideDown UIInterfaceOrientationLandscapeLeft UIInterfaceOrientationLandscapeRight";
				INFOPLIST_KEY_UISupportedInterfaceOrientations_iPhone = "UIInterfaceOrientationPortrait UIInterfaceOrientationLandscapeLeft UIInterfaceOrientationLandscapeRight";
				LD_RUNPATH_SEARCH_PATHS = (
					"$(inherited)",
					"@executable_path/Frameworks",
				);
				MARKETING_VERSION = 1.0;
				PRODUCT_BUNDLE_IDENTIFIER = test.SiOS;
				PRODUCT_NAME = "$(TARGET_NAME)";
				SWIFT_EMIT_LOC_STRINGS = YES;
				SWIFT_VERSION = 5.0;
				TARGETED_DEVICE_FAMILY = "1,2";
			};
			name = Release;
		};
		8481ED0827FC82D7000E7565 /* Debug */ = {
			isa = XCBuildConfiguration;
			buildSettings = {
				ALWAYS_EMBED_SWIFT_STANDARD_LIBRARIES = YES;
				BUNDLE_LOADER = "$(TEST_HOST)";
				CODE_SIGN_STYLE = Automatic;
				CURRENT_PROJECT_VERSION = 1;
				DEVELOPMENT_TEAM = 492M668FAZ;
				GENERATE_INFOPLIST_FILE = YES;
				IPHONEOS_DEPLOYMENT_TARGET = 15.4;
				MARKETING_VERSION = 1.0;
				PRODUCT_BUNDLE_IDENTIFIER = test.SiOSTests;
				PRODUCT_NAME = "$(TARGET_NAME)";
				SWIFT_EMIT_LOC_STRINGS = NO;
				SWIFT_VERSION = 5.0;
				TARGETED_DEVICE_FAMILY = "1,2";
				TEST_HOST = "$(BUILT_PRODUCTS_DIR)/SiOS.app/SiOS";
			};
			name = Debug;
		};
		8481ED0927FC82D7000E7565 /* Release */ = {
			isa = XCBuildConfiguration;
			buildSettings = {
				ALWAYS_EMBED_SWIFT_STANDARD_LIBRARIES = YES;
				BUNDLE_LOADER = "$(TEST_HOST)";
				CODE_SIGN_STYLE = Automatic;
				CURRENT_PROJECT_VERSION = 1;
				DEVELOPMENT_TEAM = 492M668FAZ;
				GENERATE_INFOPLIST_FILE = YES;
				IPHONEOS_DEPLOYMENT_TARGET = 15.4;
				MARKETING_VERSION = 1.0;
				PRODUCT_BUNDLE_IDENTIFIER = test.SiOSTests;
				PRODUCT_NAME = "$(TARGET_NAME)";
				SWIFT_EMIT_LOC_STRINGS = NO;
				SWIFT_VERSION = 5.0;
				TARGETED_DEVICE_FAMILY = "1,2";
				TEST_HOST = "$(BUILT_PRODUCTS_DIR)/SiOS.app/SiOS";
			};
			name = Release;
		};
		8481ED0B27FC82D7000E7565 /* Debug */ = {
			isa = XCBuildConfiguration;
			buildSettings = {
				ALWAYS_EMBED_SWIFT_STANDARD_LIBRARIES = YES;
				CODE_SIGN_STYLE = Automatic;
				CURRENT_PROJECT_VERSION = 1;
				DEVELOPMENT_TEAM = 492M668FAZ;
				GENERATE_INFOPLIST_FILE = YES;
				MARKETING_VERSION = 1.0;
				PRODUCT_BUNDLE_IDENTIFIER = test.SiOSUITests;
				PRODUCT_NAME = "$(TARGET_NAME)";
				SWIFT_EMIT_LOC_STRINGS = NO;
				SWIFT_VERSION = 5.0;
				TARGETED_DEVICE_FAMILY = "1,2";
				TEST_TARGET_NAME = SiOS;
			};
			name = Debug;
		};
		8481ED0C27FC82D7000E7565 /* Release */ = {
			isa = XCBuildConfiguration;
			buildSettings = {
				ALWAYS_EMBED_SWIFT_STANDARD_LIBRARIES = YES;
				CODE_SIGN_STYLE = Automatic;
				CURRENT_PROJECT_VERSION = 1;
				DEVELOPMENT_TEAM = 492M668FAZ;
				GENERATE_INFOPLIST_FILE = YES;
				MARKETING_VERSION = 1.0;
				PRODUCT_BUNDLE_IDENTIFIER = test.SiOSUITests;
				PRODUCT_NAME = "$(TARGET_NAME)";
				SWIFT_EMIT_LOC_STRINGS = NO;
				SWIFT_VERSION = 5.0;
				TARGETED_DEVICE_FAMILY = "1,2";
				TEST_TARGET_NAME = SiOS;
			};
			name = Release;
		};
/* End XCBuildConfiguration section */

/* Begin XCConfigurationList section */
		8481ECD527FC82D4000E7565 /* Build configuration list for PBXProject "SiOS" */ = {
			isa = XCConfigurationList;
			buildConfigurations = (
				8481ED0227FC82D7000E7565 /* Debug */,
				8481ED0327FC82D7000E7565 /* Release */,
			);
			defaultConfigurationIsVisible = 0;
			defaultConfigurationName = Release;
		};
		8481ED0427FC82D7000E7565 /* Build configuration list for PBXNativeTarget "SiOS" */ = {
			isa = XCConfigurationList;
			buildConfigurations = (
				8481ED0527FC82D7000E7565 /* Debug */,
				8481ED0627FC82D7000E7565 /* Release */,
			);
			defaultConfigurationIsVisible = 0;
			defaultConfigurationName = Release;
		};
		8481ED0727FC82D7000E7565 /* Build configuration list for PBXNativeTarget "SiOSTests" */ = {
			isa = XCConfigurationList;
			buildConfigurations = (
				8481ED0827FC82D7000E7565 /* Debug */,
				8481ED0927FC82D7000E7565 /* Release */,
			);
			defaultConfigurationIsVisible = 0;
			defaultConfigurationName = Release;
		};
		8481ED0A27FC82D7000E7565 /* Build configuration list for PBXNativeTarget "SiOSUITests" */ = {
			isa = XCConfigurationList;
			buildConfigurations = (
				8481ED0B27FC82D7000E7565 /* Debug */,
				8481ED0C27FC82D7000E7565 /* Release */,
			);
			defaultConfigurationIsVisible = 0;
			defaultConfigurationName = Release;
		};
/* End XCConfigurationList section */
	};
	rootObject = 8481ECD227FC82D4000E7565 /* Project object */;
}
